
Microsoft Visual Studio Solution File, Format Version 12.00
# Visual Studio Version 16
VisualStudioVersion = 16.0.31605.320
MinimumVisualStudioVersion = 10.0.40219.1
Project("{FAE04EC0-301F-11D3-BF4B-00C04F79EFBC}") = "Luna_Project_Example", "Luna_Project_Example\Luna_Project_Example.csproj", "{BA5D2E2F-5368-4492-A24F-0CCDD13EAF11}"
EndProject
Global
	GlobalSection(SolutionConfigurationPlatforms) = preSolution
		Debug|Any CPU = Debug|Any CPU
		Release|Any CPU = Release|Any CPU
	EndGlobalSection
	GlobalSection(ProjectConfigurationPlatforms) = postSolution
		{BA5D2E2F-5368-4492-A24F-0CCDD13EAF11}.Debug|Any CPU.ActiveCfg = Debug|Any CPU
		{BA5D2E2F-5368-4492-A24F-0CCDD13EAF11}.Debug|Any CPU.Build.0 = Debug|Any CPU
		{BA5D2E2F-5368-4492-A24F-0CCDD13EAF11}.Release|Any CPU.ActiveCfg = Release|Any CPU
		{BA5D2E2F-5368-4492-A24F-0CCDD13EAF11}.Release|Any CPU.Build.0 = Release|Any CPU
	EndGlobalSection
	GlobalSection(SolutionProperties) = preSolution
		HideSolutionNode = FALSE
	EndGlobalSection
	GlobalSection(ExtensibilityGlobals) = postSolution
		SolutionGuid = {19B1B89F-2A06-43B3-89F0-AE1CBE74A521}
	EndGlobalSection
EndGlobal
